
Microsoft Visual Studio Solution File, Format Version 12.00
# Visual Studio Version 17
VisualStudioVersion = 17.14.36109.1
MinimumVisualStudioVersion = 10.0.40219.1
Project("{FAE04EC0-301F-11D3-BF4B-00C04F79EFBC}") = "ChatClient", "ChatClient\ChatClient.csproj", "{122F7688-C449-4034-AB91-5FFC377CA949}"
EndProject
Project("{FAE04EC0-301F-11D3-BF4B-00C04F79EFBC}") = "ChatServer", "ChatServer\ChatServer.csproj", "{FC704874-B249-43A3-A576-01E4624D0065}"
EndProject
Global
	GlobalSection(SolutionConfigurationPlatforms) = preSolution
		Debug|Any CPU = Debug|Any CPU
		Release|Any CPU = Release|Any CPU
	EndGlobalSection
	GlobalSection(ProjectConfigurationPlatforms) = postSolution
		{122F7688-C449-4034-AB91-5FFC377CA949}.Debug|Any CPU.ActiveCfg = Debug|Any CPU
		{122F7688-C449-4034-AB91-5FFC377CA949}.Debug|Any CPU.Build.0 = Debug|Any CPU
		{122F7688-C449-4034-AB91-5FFC377CA949}.Release|Any CPU.ActiveCfg = Release|Any CPU
		{122F7688-C449-4034-AB91-5FFC377CA949}.Release|Any CPU.Build.0 = Release|Any CPU
		{FC704874-B249-43A3-A576-01E4624D0065}.Debug|Any CPU.ActiveCfg = Debug|Any CPU
		{FC704874-B249-43A3-A576-01E4624D0065}.Debug|Any CPU.Build.0 = Debug|Any CPU
		{FC704874-B249-43A3-A576-01E4624D0065}.Release|Any CPU.ActiveCfg = Release|Any CPU
		{FC704874-B249-43A3-A576-01E4624D0065}.Release|Any CPU.Build.0 = Release|Any CPU
	EndGlobalSection
	GlobalSection(SolutionProperties) = preSolution
		HideSolutionNode = FALSE
	EndGlobalSection
	GlobalSection(ExtensibilityGlobals) = postSolution
		SolutionGuid = {48C9DFAE-0B0C-409D-8D97-3F52A0BC7EB6}
	EndGlobalSection
EndGlobal
